// !$*UTF8*$!
{
	archiveVersion = 1;
	classes = {
	};
	objectVersion = 50;
	objects = {

/* Begin PBXBuildFile section */
		898C9B2C25500A260008E3B8 /* main.c in Sources */ = {isa = PBXBuildFile; fileRef = 898C9B2B25500A260008E3B8 /* main.c */; };
		898C9B3525500A470008E3B8 /* list.c in Sources */ = {isa = PBXBuildFile; fileRef = 898C9B3425500A470008E3B8 /* list.c */; };
		8997FF2C2556ACBD000C7A6E /* list-tester.c in Sources */ = {isa = PBXBuildFile; fileRef = 8997FF2B2556ACBD000C7A6E /* list-tester.c */; };
		899876922552F9D900D1D3F9 /* list-dumper.c in Sources */ = {isa = PBXBuildFile; fileRef = 899876912552F9D900D1D3F9 /* list-dumper.c */; };
/* End PBXBuildFile section */

/* Begin PBXFileReference section */
		898C9B2825500A260008E3B8 /* fast-list */ = {isa = PBXFileReference; explicitFileType = "compiled.mach-o.executable"; includeInIndex = 0; path = "fast-list"; sourceTree = BUILT_PRODUCTS_DIR; };
		898C9B2B25500A260008E3B8 /* main.c */ = {isa = PBXFileReference; lastKnownFileType = sourcecode.c.c; path = main.c; sourceTree = "<group>"; };
		898C9B3325500A470008E3B8 /* list.h */ = {isa = PBXFileReference; lastKnownFileType = sourcecode.c.h; path = list.h; sourceTree = "<group>"; };
		898C9B3425500A470008E3B8 /* list.c */ = {isa = PBXFileReference; lastKnownFileType = sourcecode.c.c; path = list.c; sourceTree = "<group>"; };
		8997FF1F2556AAFB000C7A6E /* test-insert-delete */ = {isa = PBXFileReference; lastKnownFileType = text; path = "test-insert-delete"; sourceTree = "<group>"; };
		8997FF2A2556ACBD000C7A6E /* list-tester.h */ = {isa = PBXFileReference; lastKnownFileType = sourcecode.c.h; name = "list-tester.h"; path = "fast-list/list-tester.h"; sourceTree = SOURCE_ROOT; };
		8997FF2B2556ACBD000C7A6E /* list-tester.c */ = {isa = PBXFileReference; lastKnownFileType = sourcecode.c.c; name = "list-tester.c"; path = "fast-list/list-tester.c"; sourceTree = SOURCE_ROOT; };
		8997FF2F2556BC33000C7A6E /* test-madness */ = {isa = PBXFileReference; lastKnownFileType = text; path = "test-madness"; sourceTree = "<group>"; };
		8997FF312556C183000C7A6E /* test-resize-head */ = {isa = PBXFileReference; lastKnownFileType = text; path = "test-resize-head"; sourceTree = "<group>"; };
		8997FF342556C3DE000C7A6E /* test-resize-tail */ = {isa = PBXFileReference; lastKnownFileType = text; path = "test-resize-tail"; sourceTree = "<group>"; };
		899876902552F9D900D1D3F9 /* list-dumper.h */ = {isa = PBXFileReference; lastKnownFileType = sourcecode.c.h; path = "list-dumper.h"; sourceTree = "<group>"; };
		899876912552F9D900D1D3F9 /* list-dumper.c */ = {isa = PBXFileReference; lastKnownFileType = sourcecode.c.c; path = "list-dumper.c"; sourceTree = "<group>"; };
/* End PBXFileReference section */

/* Begin PBXFrameworksBuildPhase section */
		898C9B2525500A260008E3B8 /* Frameworks */ = {
			isa = PBXFrameworksBuildPhase;
			buildActionMask = 2147483647;
			files = (
			);
			runOnlyForDeploymentPostprocessing = 0;
		};
/* End PBXFrameworksBuildPhase section */

/* Begin PBXGroup section */
		898C9B1F25500A260008E3B8 = {
			isa = PBXGroup;
			children = (
				898C9B2A25500A260008E3B8 /* fast-list */,
				898C9B2925500A260008E3B8 /* Products */,
			);
			sourceTree = "<group>";
		};
		898C9B2925500A260008E3B8 /* Products */ = {
			isa = PBXGroup;
			children = (
				898C9B2825500A260008E3B8 /* fast-list */,
			);
			name = Products;
			sourceTree = "<group>";
		};
		898C9B2A25500A260008E3B8 /* fast-list */ = {
			isa = PBXGroup;
			children = (
				8997FF2A2556ACBD000C7A6E /* list-tester.h */,
				8997FF2B2556ACBD000C7A6E /* list-tester.c */,
				8997FF1E2556AAD2000C7A6E /* tests */,
				898C9B3325500A470008E3B8 /* list.h */,
				898C9B3425500A470008E3B8 /* list.c */,
				898C9B2B25500A260008E3B8 /* main.c */,
				899876902552F9D900D1D3F9 /* list-dumper.h */,
				899876912552F9D900D1D3F9 /* list-dumper.c */,
			);
			path = "fast-list";
			sourceTree = "<group>";
		};
		8997FF1E2556AAD2000C7A6E /* tests */ = {
			isa = PBXGroup;
			children = (
				8997FF1F2556AAFB000C7A6E /* test-insert-delete */,
				8997FF2F2556BC33000C7A6E /* test-madness */,
				8997FF312556C183000C7A6E /* test-resize-head */,
				8997FF342556C3DE000C7A6E /* test-resize-tail */,
			);
			path = tests;
			sourceTree = "<group>";
		};
/* End PBXGroup section */

/* Begin PBXNativeTarget section */
		898C9B2725500A260008E3B8 /* fast-list */ = {
			isa = PBXNativeTarget;
			buildConfigurationList = 898C9B2F25500A260008E3B8 /* Build configuration list for PBXNativeTarget "fast-list" */;
			buildPhases = (
				898C9B2425500A260008E3B8 /* Sources */,
				898C9B2525500A260008E3B8 /* Frameworks */,
				8997FF252556AB60000C7A6E /* ShellScript */,
			);
			buildRules = (
			);
			dependencies = (
			);
			name = "fast-list";
			productName = "fast-list";
			productReference = 898C9B2825500A260008E3B8 /* fast-list */;
			productType = "com.apple.product-type.tool";
		};
/* End PBXNativeTarget section */

/* Begin PBXProject section */
		898C9B2025500A260008E3B8 /* Project object */ = {
			isa = PBXProject;
			attributes = {
				LastUpgradeCheck = 1200;
				TargetAttributes = {
					898C9B2725500A260008E3B8 = {
						CreatedOnToolsVersion = 12.0.1;
					};
				};
			};
			buildConfigurationList = 898C9B2325500A260008E3B8 /* Build configuration list for PBXProject "fast-list" */;
			compatibilityVersion = "Xcode 9.3";
			developmentRegion = en;
			hasScannedForEncodings = 0;
			knownRegions = (
				en,
				Base,
			);
			mainGroup = 898C9B1F25500A260008E3B8;
			productRefGroup = 898C9B2925500A260008E3B8 /* Products */;
			projectDirPath = "";
			projectRoot = "";
			targets = (
				898C9B2725500A260008E3B8 /* fast-list */,
			);
		};
/* End PBXProject section */

/* Begin PBXShellScriptBuildPhase section */
		8997FF252556AB60000C7A6E /* ShellScript */ = {
			isa = PBXShellScriptBuildPhase;
			buildActionMask = 2147483647;
			files = (
			);
			inputFileListPaths = (
			);
			inputPaths = (
			);
			outputFileListPaths = (
			);
			outputPaths = (
			);
			runOnlyForDeploymentPostprocessing = 0;
			shellPath = /bin/sh;
			shellScript = "rm $BUILT_PRODUCTS_DIR/tests/*\ncp -R $SRCROOT/fast-list/tests $BUILT_PRODUCTS_DIR\n";
		};
/* End PBXShellScriptBuildPhase section */

/* Begin PBXSourcesBuildPhase section */
		898C9B2425500A260008E3B8 /* Sources */ = {
			isa = PBXSourcesBuildPhase;
			buildActionMask = 2147483647;
			files = (
				898C9B2C25500A260008E3B8 /* main.c in Sources */,
				899876922552F9D900D1D3F9 /* list-dumper.c in Sources */,
				8997FF2C2556ACBD000C7A6E /* list-tester.c in Sources */,
				898C9B3525500A470008E3B8 /* list.c in Sources */,
			);
			runOnlyForDeploymentPostprocessing = 0;
		};
/* End PBXSourcesBuildPhase section */

/* Begin XCBuildConfiguration section */
		898C9B2D25500A260008E3B8 /* Debug */ = {
			isa = XCBuildConfiguration;
			buildSettings = {
				ALWAYS_SEARCH_USER_PATHS = NO;
				CLANG_ANALYZER_NONNULL = YES;
				CLANG_ANALYZER_NUMBER_OBJECT_CONVERSION = YES_AGGRESSIVE;
				CLANG_CXX_LANGUAGE_STANDARD = "gnu++14";
				CLANG_CXX_LIBRARY = "libc++";
				CLANG_ENABLE_MODULES = YES;
				CLANG_ENABLE_OBJC_ARC = YES;
				CLANG_ENABLE_OBJC_WEAK = YES;
				CLANG_WARN_BLOCK_CAPTURE_AUTORELEASING = YES;
				CLANG_WARN_BOOL_CONVERSION = YES;
				CLANG_WARN_COMMA = YES;
				CLANG_WARN_CONSTANT_CONVERSION = YES;
				CLANG_WARN_DEPRECATED_OBJC_IMPLEMENTATIONS = YES;
				CLANG_WARN_DIRECT_OBJC_ISA_USAGE = YES_ERROR;
				CLANG_WARN_DOCUMENTATION_COMMENTS = YES;
				CLANG_WARN_EMPTY_BODY = YES;
				CLANG_WARN_ENUM_CONVERSION = YES;
				CLANG_WARN_INFINITE_RECURSION = YES;
				CLANG_WARN_INT_CONVERSION = YES;
				CLANG_WARN_NON_LITERAL_NULL_CONVERSION = YES;
				CLANG_WARN_OBJC_IMPLICIT_RETAIN_SELF = YES;
				CLANG_WARN_OBJC_LITERAL_CONVERSION = YES;
				CLANG_WARN_OBJC_ROOT_CLASS = YES_ERROR;
				CLANG_WARN_QUOTED_INCLUDE_IN_FRAMEWORK_HEADER = YES;
				CLANG_WARN_RANGE_LOOP_ANALYSIS = YES;
				CLANG_WARN_STRICT_PROTOTYPES = YES;
				CLANG_WARN_SUSPICIOUS_MOVE = YES;
				CLANG_WARN_UNGUARDED_AVAILABILITY = YES_AGGRESSIVE;
				CLANG_WARN_UNREACHABLE_CODE = YES;
				CLANG_WARN__DUPLICATE_METHOD_MATCH = YES;
				COPY_PHASE_STRIP = NO;
				DEBUG_INFORMATION_FORMAT = dwarf;
				ENABLE_STRICT_OBJC_MSGSEND = YES;
				ENABLE_TESTABILITY = YES;
				GCC_C_LANGUAGE_STANDARD = gnu11;
				GCC_DYNAMIC_NO_PIC = NO;
				GCC_NO_COMMON_BLOCKS = YES;
				GCC_OPTIMIZATION_LEVEL = 0;
				GCC_PREPROCESSOR_DEFINITIONS = (
					"DEBUG=1",
					"$(inherited)",
				);
				GCC_WARN_64_TO_32_BIT_CONVERSION = YES;
				GCC_WARN_ABOUT_RETURN_TYPE = YES_ERROR;
				GCC_WARN_UNDECLARED_SELECTOR = YES;
				GCC_WARN_UNINITIALIZED_AUTOS = YES_AGGRESSIVE;
				GCC_WARN_UNUSED_FUNCTION = YES;
				GCC_WARN_UNUSED_VARIABLE = YES;
				MACOSX_DEPLOYMENT_TARGET = 10.15;
				MTL_ENABLE_DEBUG_INFO = INCLUDE_SOURCE;
				MTL_FAST_MATH = YES;
				ONLY_ACTIVE_ARCH = YES;
				SDKROOT = macosx;
			};
			name = Debug;
		};
		898C9B2E25500A260008E3B8 /* Release */ = {
			isa = XCBuildConfiguration;
			buildSettings = {
				ALWAYS_SEARCH_USER_PATHS = NO;
				CLANG_ANALYZER_NONNULL = YES;
				CLANG_ANALYZER_NUMBER_OBJECT_CONVERSION = YES_AGGRESSIVE;
				CLANG_CXX_LANGUAGE_STANDARD = "gnu++14";
				CLANG_CXX_LIBRARY = "libc++";
				CLANG_ENABLE_MODULES = YES;
				CLANG_ENABLE_OBJC_ARC = YES;
				CLANG_ENABLE_OBJC_WEAK = YES;
				CLANG_WARN_BLOCK_CAPTURE_AUTORELEASING = YES;
				CLANG_WARN_BOOL_CONVERSION = YES;
				CLANG_WARN_COMMA = YES;
				CLANG_WARN_CONSTANT_CONVERSION = YES;
				CLANG_WARN_DEPRECATED_OBJC_IMPLEMENTATIONS = YES;
				CLANG_WARN_DIRECT_OBJC_ISA_USAGE = YES_ERROR;
				CLANG_WARN_DOCUMENTATION_COMMENTS = YES;
				CLANG_WARN_EMPTY_BODY = YES;
				CLANG_WARN_ENUM_CONVERSION = YES;
				CLANG_WARN_INFINITE_RECURSION = YES;
				CLANG_WARN_INT_CONVERSION = YES;
				CLANG_WARN_NON_LITERAL_NULL_CONVERSION = YES;
				CLANG_WARN_OBJC_IMPLICIT_RETAIN_SELF = YES;
				CLANG_WARN_OBJC_LITERAL_CONVERSION = YES;
				CLANG_WARN_OBJC_ROOT_CLASS = YES_ERROR;
				CLANG_WARN_QUOTED_INCLUDE_IN_FRAMEWORK_HEADER = YES;
				CLANG_WARN_RANGE_LOOP_ANALYSIS = YES;
				CLANG_WARN_STRICT_PROTOTYPES = YES;
				CLANG_WARN_SUSPICIOUS_MOVE = YES;
				CLANG_WARN_UNGUARDED_AVAILABILITY = YES_AGGRESSIVE;
				CLANG_WARN_UNREACHABLE_CODE = YES;
				CLANG_WARN__DUPLICATE_METHOD_MATCH = YES;
				COPY_PHASE_STRIP = NO;
				DEBUG_INFORMATION_FORMAT = "dwarf-with-dsym";
				ENABLE_NS_ASSERTIONS = NO;
				ENABLE_STRICT_OBJC_MSGSEND = YES;
				GCC_C_LANGUAGE_STANDARD = gnu11;
				GCC_NO_COMMON_BLOCKS = YES;
				GCC_WARN_64_TO_32_BIT_CONVERSION = YES;
				GCC_WARN_ABOUT_RETURN_TYPE = YES_ERROR;
				GCC_WARN_UNDECLARED_SELECTOR = YES;
				GCC_WARN_UNINITIALIZED_AUTOS = YES_AGGRESSIVE;
				GCC_WARN_UNUSED_FUNCTION = YES;
				GCC_WARN_UNUSED_VARIABLE = YES;
				MACOSX_DEPLOYMENT_TARGET = 10.15;
				MTL_ENABLE_DEBUG_INFO = NO;
				MTL_FAST_MATH = YES;
				SDKROOT = macosx;
			};
			name = Release;
		};
		898C9B3025500A260008E3B8 /* Debug */ = {
			isa = XCBuildConfiguration;
			buildSettings = {
				CODE_SIGN_STYLE = Automatic;
				DEVELOPMENT_TEAM = K88K8W9Z6A;
				ENABLE_HARDENED_RUNTIME = YES;
				PRODUCT_NAME = "$(TARGET_NAME)";
			};
			name = Debug;
		};
		898C9B3125500A260008E3B8 /* Release */ = {
			isa = XCBuildConfiguration;
			buildSettings = {
				CODE_SIGN_STYLE = Automatic;
				DEVELOPMENT_TEAM = K88K8W9Z6A;
				ENABLE_HARDENED_RUNTIME = YES;
				PRODUCT_NAME = "$(TARGET_NAME)";
			};
			name = Release;
		};
/* End XCBuildConfiguration section */

/* Begin XCConfigurationList section */
		898C9B2325500A260008E3B8 /* Build configuration list for PBXProject "fast-list" */ = {
			isa = XCConfigurationList;
			buildConfigurations = (
				898C9B2D25500A260008E3B8 /* Debug */,
				898C9B2E25500A260008E3B8 /* Release */,
			);
			defaultConfigurationIsVisible = 0;
			defaultConfigurationName = Release;
		};
		898C9B2F25500A260008E3B8 /* Build configuration list for PBXNativeTarget "fast-list" */ = {
			isa = XCConfigurationList;
			buildConfigurations = (
				898C9B3025500A260008E3B8 /* Debug */,
				898C9B3125500A260008E3B8 /* Release */,
			);
			defaultConfigurationIsVisible = 0;
			defaultConfigurationName = Release;
		};
/* End XCConfigurationList section */
	};
	rootObject = 898C9B2025500A260008E3B8 /* Project object */;
}
