// !$*UTF8*$!
{
	archiveVersion = 1;
	classes = {
	};
	objectVersion = 50;
	objects = {

/* Begin PBXContainerItemProxy section */
		8987FD5C261F2D9200398F56 /* PBXContainerItemProxy */ = {
			isa = PBXContainerItemProxy;
			containerPortal = A0950B5B25E90F9C005A1BBE /* Project object */;
			proxyType = 1;
			remoteGlobalIDString = A0950B5F25E90F9C005A1BBE;
			remoteInfo = "build-asm";
		};
		8987FD5E261F2D9200398F56 /* PBXContainerItemProxy */ = {
			isa = PBXContainerItemProxy;
			containerPortal = A0950B5B25E90F9C005A1BBE /* Project object */;
			proxyType = 1;
			remoteGlobalIDString = 8987FD52261F201200398F56;
			remoteInfo = "build-cpp";
		};
/* End PBXContainerItemProxy section */

/* Begin PBXFileReference section */
		8987FD50261F1FE800398F56 /* main.cpp */ = {isa = PBXFileReference; lastKnownFileType = sourcecode.cpp.cpp; path = main.cpp; sourceTree = "<group>"; };
		8987FD51261F1FE800398F56 /* main.hpp */ = {isa = PBXFileReference; lastKnownFileType = sourcecode.cpp.h; path = main.hpp; sourceTree = "<group>"; };
		8987FD61261F39A400398F56 /* list.hpp */ = {isa = PBXFileReference; lastKnownFileType = sourcecode.cpp.h; path = list.hpp; sourceTree = "<group>"; };
		8987FD62261F39A400398F56 /* list.cpp */ = {isa = PBXFileReference; lastKnownFileType = sourcecode.cpp.cpp; path = list.cpp; sourceTree = "<group>"; };
		8987FD67261F3DF100398F56 /* hash-table.cpp */ = {isa = PBXFileReference; lastKnownFileType = sourcecode.cpp.cpp; path = "hash-table.cpp"; sourceTree = "<group>"; };
		8987FD68261F3DF100398F56 /* hash-table.hpp */ = {isa = PBXFileReference; lastKnownFileType = sourcecode.cpp.h; path = "hash-table.hpp"; sourceTree = "<group>"; };
		8987FD69261F3E6400398F56 /* asm.s */ = {isa = PBXFileReference; lastKnownFileType = sourcecode.asm; path = asm.s; sourceTree = "<group>"; };
/* End PBXFileReference section */

/* Begin PBXGroup section */
		8987FD57261F21B300398F56 /* cpp */ = {
			isa = PBXGroup;
			children = (
				8987FD62261F39A400398F56 /* list.cpp */,
				8987FD61261F39A400398F56 /* list.hpp */,
				8987FD50261F1FE800398F56 /* main.cpp */,
				8987FD51261F1FE800398F56 /* main.hpp */,
				8987FD67261F3DF100398F56 /* hash-table.cpp */,
				8987FD68261F3DF100398F56 /* hash-table.hpp */,
			);
			path = cpp;
			sourceTree = "<group>";
		};
		8987FD58261F21B700398F56 /* asm */ = {
			isa = PBXGroup;
			children = (
				8987FD69261F3E6400398F56 /* asm.s */,
			);
			path = asm;
			sourceTree = "<group>";
		};
		A0950B5A25E90F9C005A1BBE = {
			isa = PBXGroup;
			children = (
				8987FD58261F21B700398F56 /* asm */,
				8987FD57261F21B300398F56 /* cpp */,
			);
			sourceTree = "<group>";
		};
/* End PBXGroup section */

/* Begin PBXLegacyTarget section */
		8987FD52261F201200398F56 /* build-cpp */ = {
			isa = PBXLegacyTarget;
			buildArgumentsString = "";
			buildConfigurationList = 8987FD53261F201200398F56 /* Build configuration list for PBXLegacyTarget "build-cpp" */;
			buildPhases = (
			);
			buildToolPath = "build/build-cpp.sh";
			buildWorkingDirectory = "/Users/Temich/Documents/Физтех/Прога/Дед/fast-hash-table/";
			dependencies = (
			);
			name = "build-cpp";
			passBuildSettingsInEnvironment = 1;
			productName = AsmTest;
		};
		A0950B5F25E90F9C005A1BBE /* build-asm */ = {
			isa = PBXLegacyTarget;
			buildArgumentsString = "";
			buildConfigurationList = A0950B6225E90F9C005A1BBE /* Build configuration list for PBXLegacyTarget "build-asm" */;
			buildPhases = (
			);
			buildToolPath = "build/build-asm.sh";
			buildWorkingDirectory = "/Users/Temich/Documents/Физтех/Прога/Дед/fast-hash-table/";
			dependencies = (
			);
			name = "build-asm";
			passBuildSettingsInEnvironment = 1;
			productName = AsmTest;
		};
		A0950B6725E912CA005A1BBE /* link */ = {
			isa = PBXLegacyTarget;
			buildArgumentsString = "";
			buildConfigurationList = A0950B6825E912CA005A1BBE /* Build configuration list for PBXLegacyTarget "link" */;
			buildPhases = (
			);
			buildToolPath = build/link.sh;
			buildWorkingDirectory = "/Users/Temich/Documents/Физтех/Прога/Дед/fast-hash-table/";
			dependencies = (
				8987FD5D261F2D9200398F56 /* PBXTargetDependency */,
				8987FD5F261F2D9200398F56 /* PBXTargetDependency */,
			);
			name = link;
			passBuildSettingsInEnvironment = 1;
			productName = AsmTestLink;
		};
/* End PBXLegacyTarget section */

/* Begin PBXProject section */
		A0950B5B25E90F9C005A1BBE /* Project object */ = {
			isa = PBXProject;
			attributes = {
				LastSwiftUpdateCheck = 1240;
				LastUpgradeCheck = 1240;
				TargetAttributes = {
					A0950B5F25E90F9C005A1BBE = {
						CreatedOnToolsVersion = 12.4;
					};
					A0950B6725E912CA005A1BBE = {
						CreatedOnToolsVersion = 12.4;
					};
				};
			};
			buildConfigurationList = A0950B5E25E90F9C005A1BBE /* Build configuration list for PBXProject "AsmTest" */;
			compatibilityVersion = "Xcode 9.3";
			developmentRegion = en;
			hasScannedForEncodings = 0;
			knownRegions = (
				en,
				Base,
			);
			mainGroup = A0950B5A25E90F9C005A1BBE;
			productRefGroup = A0950B5A25E90F9C005A1BBE;
			projectDirPath = "";
			projectRoot = "";
			targets = (
				8987FD52261F201200398F56 /* build-cpp */,
				A0950B5F25E90F9C005A1BBE /* build-asm */,
				A0950B6725E912CA005A1BBE /* link */,
			);
		};
/* End PBXProject section */

/* Begin PBXTargetDependency section */
		8987FD5D261F2D9200398F56 /* PBXTargetDependency */ = {
			isa = PBXTargetDependency;
			target = A0950B5F25E90F9C005A1BBE /* build-asm */;
			targetProxy = 8987FD5C261F2D9200398F56 /* PBXContainerItemProxy */;
		};
		8987FD5F261F2D9200398F56 /* PBXTargetDependency */ = {
			isa = PBXTargetDependency;
			target = 8987FD52261F201200398F56 /* build-cpp */;
			targetProxy = 8987FD5E261F2D9200398F56 /* PBXContainerItemProxy */;
		};
/* End PBXTargetDependency section */

/* Begin XCBuildConfiguration section */
		8987FD54261F201200398F56 /* Debug */ = {
			isa = XCBuildConfiguration;
			buildSettings = {
				ACTION_BUILD = "-g -c -o";
				ACTION_OBJ = build/;
				ACTION_SOURCE = "cpp/*.cpp";
			};
			name = Debug;
		};
		8987FD55261F201200398F56 /* Release */ = {
			isa = XCBuildConfiguration;
			buildSettings = {
				ACTION_BUILD = "-g -c -o";
				ACTION_OBJ = build/;
				ACTION_SOURCE = "cpp/*.cpp";
			};
			name = Release;
		};
		A0950B6025E90F9C005A1BBE /* Debug */ = {
			isa = XCBuildConfiguration;
			buildSettings = {
				ACTION_BUILD = "";
				ACTION_LINK = "";
				ACTION_OBJ = "";
				ACTION_PRODUCT = "hash-table";
				ACTION_SOURCE = "";
			};
			name = Debug;
		};
		A0950B6125E90F9C005A1BBE /* Release */ = {
			isa = XCBuildConfiguration;
			buildSettings = {
				ACTION_BUILD = "";
				ACTION_LINK = "";
				ACTION_OBJ = "";
				ACTION_PRODUCT = "hash-table";
				ACTION_SOURCE = "";
			};
			name = Release;
		};
		A0950B6325E90F9C005A1BBE /* Debug */ = {
			isa = XCBuildConfiguration;
			buildSettings = {
				ACTION_BUILD = "-f macho64 -g -F dwarf -o";
				ACTION_LINK = "";
				ACTION_OBJ = build/;
				ACTION_SOURCE = "asm/*.s";
			};
			name = Debug;
		};
		A0950B6425E90F9C005A1BBE /* Release */ = {
			isa = XCBuildConfiguration;
			buildSettings = {
				ACTION_BUILD = "-f macho64 -g -F dwarf -o";
				ACTION_LINK = "";
				ACTION_OBJ = build/;
				ACTION_SOURCE = "asm/*.s";
			};
			name = Release;
		};
		A0950B6925E912CA005A1BBE /* Debug */ = {
			isa = XCBuildConfiguration;
			buildSettings = {
				ACTION_LINK = "-L/Library/Developer/CommandLineTools/SDKs/MacOSX.sdk/usr/lib -lSystem -o";
				ACTION_OBJ = "";
				ACTION_SOURCE = "build/cpp/*.o build/asm/*.o";
			};
			name = Debug;
		};
		A0950B6A25E912CA005A1BBE /* Release */ = {
			isa = XCBuildConfiguration;
			buildSettings = {
				ACTION_LINK = "-L/Library/Developer/CommandLineTools/SDKs/MacOSX.sdk/usr/lib -lSystem -o";
				ACTION_OBJ = "";
				ACTION_SOURCE = "build/cpp/*.o build/asm/*.o";
			};
			name = Release;
		};
/* End XCBuildConfiguration section */

/* Begin XCConfigurationList section */
		8987FD53261F201200398F56 /* Build configuration list for PBXLegacyTarget "build-cpp" */ = {
			isa = XCConfigurationList;
			buildConfigurations = (
				8987FD54261F201200398F56 /* Debug */,
				8987FD55261F201200398F56 /* Release */,
			);
			defaultConfigurationIsVisible = 0;
			defaultConfigurationName = Release;
		};
		A0950B5E25E90F9C005A1BBE /* Build configuration list for PBXProject "AsmTest" */ = {
			isa = XCConfigurationList;
			buildConfigurations = (
				A0950B6025E90F9C005A1BBE /* Debug */,
				A0950B6125E90F9C005A1BBE /* Release */,
			);
			defaultConfigurationIsVisible = 0;
			defaultConfigurationName = Release;
		};
		A0950B6225E90F9C005A1BBE /* Build configuration list for PBXLegacyTarget "build-asm" */ = {
			isa = XCConfigurationList;
			buildConfigurations = (
				A0950B6325E90F9C005A1BBE /* Debug */,
				A0950B6425E90F9C005A1BBE /* Release */,
			);
			defaultConfigurationIsVisible = 0;
			defaultConfigurationName = Release;
		};
		A0950B6825E912CA005A1BBE /* Build configuration list for PBXLegacyTarget "link" */ = {
			isa = XCConfigurationList;
			buildConfigurations = (
				A0950B6925E912CA005A1BBE /* Debug */,
				A0950B6A25E912CA005A1BBE /* Release */,
			);
			defaultConfigurationIsVisible = 0;
			defaultConfigurationName = Release;
		};
/* End XCConfigurationList section */
	};
	rootObject = A0950B5B25E90F9C005A1BBE /* Project object */;
}
